
Microsoft Visual Studio Solution File, Format Version 12.00
# Visual Studio Version 17
VisualStudioVersion = 17.4.33213.308
MinimumVisualStudioVersion = 10.0.40219.1
Project("{8BC9CEB8-8B4A-11D0-8D11-00A0C91BC942}") = "Module 12-2", "Module 12-2.vcxproj", "{A3A4E34C-2424-4766-959F-C27659213FDA}"
EndProject
Global
	GlobalSection(SolutionConfigurationPlatforms) = preSolution
		Debug|x64 = Debug|x64
		Debug|x86 = Debug|x86
		Release|x64 = Release|x64
		Release|x86 = Release|x86
	EndGlobalSection
	GlobalSection(ProjectConfigurationPlatforms) = postSolution
		{A3A4E34C-2424-4766-959F-C27659213FDA}.Debug|x64.ActiveCfg = Debug|x64
		{A3A4E34C-2424-4766-959F-C27659213FDA}.Debug|x64.Build.0 = Debug|x64
		{A3A4E34C-2424-4766-959F-C27659213FDA}.Debug|x86.ActiveCfg = Debug|Win32
		{A3A4E34C-2424-4766-959F-C27659213FDA}.Debug|x86.Build.0 = Debug|Win32
		{A3A4E34C-2424-4766-959F-C27659213FDA}.Release|x64.ActiveCfg = Release|x64
		{A3A4E34C-2424-4766-959F-C27659213FDA}.Release|x64.Build.0 = Release|x64
		{A3A4E34C-2424-4766-959F-C27659213FDA}.Release|x86.ActiveCfg = Release|Win32
		{A3A4E34C-2424-4766-959F-C27659213FDA}.Release|x86.Build.0 = Release|Win32
	EndGlobalSection
	GlobalSection(SolutionProperties) = preSolution
		HideSolutionNode = FALSE
	EndGlobalSection
	GlobalSection(ExtensibilityGlobals) = postSolution
		SolutionGuid = {E63E8B66-AFC1-40BA-9D54-5FE33CCBFC0D}
	EndGlobalSection
EndGlobal
